PODS:
  - Alamofire (1.2.3)
  - GoogleMaps (1.10.1)
  - HCSStarRatingView (1.0)

DEPENDENCIES:
  - Alamofire (from `https://github.com/Alamofire/Alamofire.git`, branch `swift-2.0`)
  - GoogleMaps
  - HCSStarRatingView (from `https://github.com/hugocampossousa/HCSStarRatingView.git`)

EXTERNAL SOURCES:
  Alamofire:
    :branch: swift-2.0
    :git: https://github.com/Alamofire/Alamofire.git
  HCSStarRatingView:
    :git: https://github.com/hugocampossousa/HCSStarRatingView.git

CHECKOUT OPTIONS:
  Alamofire:
    :commit: fd71afb3a0af2042b9f05a6b9f29317ad4903703
    :git: https://github.com/Alamofire/Alamofire.git
  HCSStarRatingView:
    :commit: 52fcff0ec04ba7d1f8c8219c2f24c8ec71258b93
    :git: https://github.com/hugocampossousa/HCSStarRatingView.git

SPEC CHECKSUMS:
  Alamofire: 5550bf0b575ed1a4bf9be572f9463e1015cc169e
  GoogleMaps: ebf08677f181d9c2dcdbd1721d206f02beccc9b1
  HCSStarRatingView: 6fb5c03b4ae2b8a1cca712da20fca99898c69af1

COCOAPODS: 0.37.2
