PODS:
  - AFNetworking (2.5.4):
    - AFNetworking/NSURLConnection (= 2.5.4)
    - AFNetworking/NSURLSession (= 2.5.4)
    - AFNetworking/Reachability (= 2.5.4)
    - AFNetworking/Security (= 2.5.4)
    - AFNetworking/Serialization (= 2.5.4)
    - AFNetworking/UIKit (= 2.5.4)
  - AFNetworking/NSURLConnection (2.5.4):
    - AFNetworking/Reachability
    - AFNetworking/Security
    - AFNetworking/Serialization
  - AFNetworking/NSURLSession (2.5.4):
    - AFNetworking/Reachability
    - AFNetworking/Security
    - AFNetworking/Serialization
  - AFNetworking/Reachability (2.5.4)
  - AFNetworking/Security (2.5.4)
  - AFNetworking/Serialization (2.5.4)
  - AFNetworking/UIKit (2.5.4):
    - AFNetworking/NSURLConnection
    - AFNetworking/NSURLSession
  - Alamofire (2.0.0-beta.1)
  - CardIO (5.1.0)
  - DACircularProgress (2.3.1)
  - HanekeSwift (0.9.1)
  - HCSStarRatingView (1.2)
  - pop (1.0.7)

DEPENDENCIES:
  - AFNetworking
  - Alamofire (from `https://github.com/Alamofire/Alamofire.git`, branch `swift-2.0`)
  - CardIO
  - DACircularProgress
  - HanekeSwift (from `https://github.com/meteochu/HanekeSwift.git`, branch `swift-2.0`)
  - HCSStarRatingView (from `https://github.com/hugocampossousa/HCSStarRatingView.git`)
  - pop

EXTERNAL SOURCES:
  Alamofire:
    :branch: swift-2.0
    :git: https://github.com/Alamofire/Alamofire.git
  HanekeSwift:
    :branch: swift-2.0
    :git: https://github.com/meteochu/HanekeSwift.git
  HCSStarRatingView:
    :git: https://github.com/hugocampossousa/HCSStarRatingView.git

CHECKOUT OPTIONS:
  Alamofire:
    :commit: 10f94788f0dd163fa516fb6f2f34a45a609c356e
    :git: https://github.com/Alamofire/Alamofire.git
  HanekeSwift:
    :commit: 58d7e2e5590b8767a76c6b2131e1fa28b72ff894
    :git: https://github.com/meteochu/HanekeSwift.git
  HCSStarRatingView:
    :commit: 441c4a0943c089f690e35e540262c56875a4c6b7
    :git: https://github.com/hugocampossousa/HCSStarRatingView.git

SPEC CHECKSUMS:
  AFNetworking: 05edc0ac4c4c8cf57bcf4b84be5b0744b6d8e71e
  Alamofire: 96feccc1e48a735edb92395cf023ba4ed52bdb45
  CardIO: 5c8128e07f577824f132881171210b45721c517a
  DACircularProgress: 4dd437c0fc3da5161cb289e07ac449493d41db71
  HanekeSwift: 50d37bfbc4432edc649167e538c259feccb4a2bb
  HCSStarRatingView: 95246884db2a02c7e82f12f5d4562428c2cc05f9
  pop: 628ffc631644601567ee8bfaaaea493ebd7d0923

COCOAPODS: 0.38.2
