// !$*UTF8*$!
{
	archiveVersion = 1;
	classes = {
	};
	objectVersion = 46;
	objects = {

/* Begin PBXBuildFile section */
		304216CBA4DE842DDF713133 /* Pods_Hotels.framework in Frameworks */ = {isa = PBXBuildFile; fileRef = BD687423A1553F20C2885FCE /* Pods_Hotels.framework */; settings = {ATTRIBUTES = (Weak, ); }; };
		524D4E151B71F8B3007BA82E /* GooglePlacesApi.swift in Sources */ = {isa = PBXBuildFile; fileRef = 524D4E141B71F8B3007BA82E /* GooglePlacesApi.swift */; };
		524D4E171B71F8F4007BA82E /* GooglePlacesDelegate.swift in Sources */ = {isa = PBXBuildFile; fileRef = 524D4E161B71F8F4007BA82E /* GooglePlacesDelegate.swift */; };
		524D4E191B71FA9C007BA82E /* GoogleAutocompletePrediction.swift in Sources */ = {isa = PBXBuildFile; fileRef = 524D4E181B71FA9C007BA82E /* GoogleAutocompletePrediction.swift */; };
		524D4E1B1B71FAE4007BA82E /* GooglePlaceDetails.swift in Sources */ = {isa = PBXBuildFile; fileRef = 524D4E1A1B71FAE4007BA82E /* GooglePlaceDetails.swift */; };
		524D4E231B71FFE2007BA82E /* AutocompleteTableViewCell.swift in Sources */ = {isa = PBXBuildFile; fileRef = 524D4E211B71FFE2007BA82E /* AutocompleteTableViewCell.swift */; };
		524D4E241B71FFE2007BA82E /* MapLabel.xib in Resources */ = {isa = PBXBuildFile; fileRef = 524D4E221B71FFE2007BA82E /* MapLabel.xib */; };
		527724F01B79325C0049271B /* Personal.swift in Sources */ = {isa = PBXBuildFile; fileRef = 527724EF1B79325C0049271B /* Personal.swift */; };
		527724F21B79328B0049271B /* Payment.swift in Sources */ = {isa = PBXBuildFile; fileRef = 527724F11B79328B0049271B /* Payment.swift */; };
		527724F41B7936030049271B /* OrderResult.swift in Sources */ = {isa = PBXBuildFile; fileRef = 527724F31B7936030049271B /* OrderResult.swift */; };
		527724F61B79BD1B0049271B /* ApiUtils.swift in Sources */ = {isa = PBXBuildFile; fileRef = 527724F51B79BD1B0049271B /* ApiUtils.swift */; };
		527724F81B7A12E20049271B /* PersonsPickerController.swift in Sources */ = {isa = PBXBuildFile; fileRef = 527724F71B7A12E20049271B /* PersonsPickerController.swift */; };
		527724FA1B7A13070049271B /* FiltersController.swift in Sources */ = {isa = PBXBuildFile; fileRef = 527724F91B7A13070049271B /* FiltersController.swift */; };
		527724FC1B7A13420049271B /* OrdersController.swift in Sources */ = {isa = PBXBuildFile; fileRef = 527724FB1B7A13420049271B /* OrdersController.swift */; };
		528407041B792D4D001E4FE9 /* ConfirmationController.swift in Sources */ = {isa = PBXBuildFile; fileRef = 528407031B792D4D001E4FE9 /* ConfirmationController.swift */; };
		528407061B792EDC001E4FE9 /* Order.swift in Sources */ = {isa = PBXBuildFile; fileRef = 528407051B792EDC001E4FE9 /* Order.swift */; };
		529031B81B74DE0F006ED651 /* PriceRender.swift in Sources */ = {isa = PBXBuildFile; fileRef = 529031B71B74DE0F006ED651 /* PriceRender.swift */; };
		529031BA1B75E4F0006ED651 /* BookingScreenController.swift in Sources */ = {isa = PBXBuildFile; fileRef = 529031B91B75E4F0006ED651 /* BookingScreenController.swift */; };
		529031BD1B75E976006ED651 /* HotelDetailsCell.swift in Sources */ = {isa = PBXBuildFile; fileRef = 529031BB1B75E976006ED651 /* HotelDetailsCell.swift */; };
		529031BE1B75E976006ED651 /* HotelDetailsCollectionView.swift in Sources */ = {isa = PBXBuildFile; fileRef = 529031BC1B75E976006ED651 /* HotelDetailsCollectionView.swift */; };
		529031C21B75E9C0006ED651 /* FormView.swift in Sources */ = {isa = PBXBuildFile; fileRef = 529031C01B75E9C0006ED651 /* FormView.swift */; };
		529031C31B75E9C0006ED651 /* SummaryView.swift in Sources */ = {isa = PBXBuildFile; fileRef = 529031C11B75E9C0006ED651 /* SummaryView.swift */; };
		529031C51B75ECBB006ED651 /* UILabel.swift in Sources */ = {isa = PBXBuildFile; fileRef = 529031C41B75ECBB006ED651 /* UILabel.swift */; };
		52944EF01B71E4E000849A61 /* AppDelegate.swift in Sources */ = {isa = PBXBuildFile; fileRef = 52944EEF1B71E4E000849A61 /* AppDelegate.swift */; };
		52944EF51B71E4E000849A61 /* Main.storyboard in Resources */ = {isa = PBXBuildFile; fileRef = 52944EF31B71E4E000849A61 /* Main.storyboard */; };
		52944EF81B71E4E000849A61 /* Hotels.xcdatamodeld in Sources */ = {isa = PBXBuildFile; fileRef = 52944EF61B71E4E000849A61 /* Hotels.xcdatamodeld */; };
		52944EFD1B71E4E000849A61 /* LaunchScreen.storyboard in Resources */ = {isa = PBXBuildFile; fileRef = 52944EFB1B71E4E000849A61 /* LaunchScreen.storyboard */; };
		52944F251B71E64300849A61 /* AlamofireObjectExtension.swift in Sources */ = {isa = PBXBuildFile; fileRef = 52944F061B71E64300849A61 /* AlamofireObjectExtension.swift */; };
		52944F261B71E64300849A61 /* AccType.swift in Sources */ = {isa = PBXBuildFile; fileRef = 52944F081B71E64300849A61 /* AccType.swift */; };
		52944F271B71E64300849A61 /* Facility.swift in Sources */ = {isa = PBXBuildFile; fileRef = 52944F091B71E64300849A61 /* Facility.swift */; };
		52944F281B71E64300849A61 /* Sort.swift in Sources */ = {isa = PBXBuildFile; fileRef = 52944F0A1B71E64300849A61 /* Sort.swift */; };
		52944F291B71E64300849A61 /* Stars.swift in Sources */ = {isa = PBXBuildFile; fileRef = 52944F0B1B71E64300849A61 /* Stars.swift */; };
		52944F2A1B71E64300849A61 /* EtbApi.swift in Sources */ = {isa = PBXBuildFile; fileRef = 52944F0D1B71E64300849A61 /* EtbApi.swift */; };
		52944F2B1B71E64300849A61 /* EtbApiConfig.swift in Sources */ = {isa = PBXBuildFile; fileRef = 52944F0E1B71E64300849A61 /* EtbApiConfig.swift */; };
		52944F2C1B71E64300849A61 /* EtbApiDelegate.swift in Sources */ = {isa = PBXBuildFile; fileRef = 52944F0F1B71E64300849A61 /* EtbApiDelegate.swift */; };
		52944F2D1B71E64300849A61 /* EtbApiUtils.swift in Sources */ = {isa = PBXBuildFile; fileRef = 52944F101B71E64300849A61 /* EtbApiUtils.swift */; };
		52944F2E1B71E64300849A61 /* Info.plist in Resources */ = {isa = PBXBuildFile; fileRef = 52944F111B71E64300849A61 /* Info.plist */; };
		52944F2F1B71E64300849A61 /* Accommodation.swift in Sources */ = {isa = PBXBuildFile; fileRef = 52944F131B71E64300849A61 /* Accommodation.swift */; };
		52944F301B71E64300849A61 /* AccommodationDetails.swift in Sources */ = {isa = PBXBuildFile; fileRef = 52944F141B71E64300849A61 /* AccommodationDetails.swift */; };
		52944F311B71E64300849A61 /* AccommodationsResults.swift in Sources */ = {isa = PBXBuildFile; fileRef = 52944F151B71E64300849A61 /* AccommodationsResults.swift */; };
		52944F321B71E64300849A61 /* AvailabilityRequest.swift in Sources */ = {isa = PBXBuildFile; fileRef = 52944F161B71E64300849A61 /* AvailabilityRequest.swift */; };
		52944F331B71E64300849A61 /* Meta.swift in Sources */ = {isa = PBXBuildFile; fileRef = 52944F171B71E64300849A61 /* Meta.swift */; };
		52944F341B71E64300849A61 /* Rate.swift in Sources */ = {isa = PBXBuildFile; fileRef = 52944F181B71E64300849A61 /* Rate.swift */; };
		52944F351B71E64300849A61 /* SearchMeta.swift in Sources */ = {isa = PBXBuildFile; fileRef = 52944F191B71E64300849A61 /* SearchMeta.swift */; };
		52944F361B71E64300849A61 /* SearchRequest.swift in Sources */ = {isa = PBXBuildFile; fileRef = 52944F1A1B71E64300849A61 /* SearchRequest.swift */; };
		52944F371B71E64300849A61 /* ParallaxHeaderView.m in Sources */ = {isa = PBXBuildFile; fileRef = 52944F1E1B71E64300849A61 /* ParallaxHeaderView.m */; };
		52944F381B71E64300849A61 /* StoryCommentCell.m in Sources */ = {isa = PBXBuildFile; fileRef = 52944F201B71E64300849A61 /* StoryCommentCell.m */; };
		52944F391B71E64300849A61 /* StoryViewController.m in Sources */ = {isa = PBXBuildFile; fileRef = 52944F221B71E64300849A61 /* StoryViewController.m */; };
		52944F3A1B71E64300849A61 /* UIImage+ImageEffects.m in Sources */ = {isa = PBXBuildFile; fileRef = 52944F241B71E64300849A61 /* UIImage+ImageEffects.m */; };
		52944F591B71E77200849A61 /* AutocompleteViewController.swift in Sources */ = {isa = PBXBuildFile; fileRef = 52944F3C1B71E77200849A61 /* AutocompleteViewController.swift */; };
		52944F5A1B71E77200849A61 /* HotelDetailsController.swift in Sources */ = {isa = PBXBuildFile; fileRef = 52944F3D1B71E77200849A61 /* HotelDetailsController.swift */; };
		52944F5B1B71E77200849A61 /* MapViewController.swift in Sources */ = {isa = PBXBuildFile; fileRef = 52944F3E1B71E77200849A61 /* MapViewController.swift */; };
		52944F5C1B71E77200849A61 /* UIView.swift in Sources */ = {isa = PBXBuildFile; fileRef = 52944F401B71E77200849A61 /* UIView.swift */; };
		52944F5D1B71E77200849A61 /* hotel_placeholder.png in Resources */ = {isa = PBXBuildFile; fileRef = 52944F431B71E77200849A61 /* hotel_placeholder.png */; };
		52944F5E1B71E77200849A61 /* Images.xcassets in Resources */ = {isa = PBXBuildFile; fileRef = 52944F441B71E77200849A61 /* Images.xcassets */; };
		52944F5F1B71E77200849A61 /* AccomodationMKPointAnnotation.swift in Sources */ = {isa = PBXBuildFile; fileRef = 52944F461B71E77200849A61 /* AccomodationMKPointAnnotation.swift */; };
		52944F601B71E77200849A61 /* ALabel.swift in Sources */ = {isa = PBXBuildFile; fileRef = 52944F481B71E77200849A61 /* ALabel.swift */; };
		52944F621B71E77200849A61 /* FloatRatingView.swift in Sources */ = {isa = PBXBuildFile; fileRef = 52944F4A1B71E77200849A61 /* FloatRatingView.swift */; };
		52944F631B71E77200849A61 /* HotelDetailsAddress.swift in Sources */ = {isa = PBXBuildFile; fileRef = 52944F4C1B71E77200849A61 /* HotelDetailsAddress.swift */; };
		52944F641B71E77200849A61 /* HotelDetailsCheckInPolicy.swift in Sources */ = {isa = PBXBuildFile; fileRef = 52944F4D1B71E77200849A61 /* HotelDetailsCheckInPolicy.swift */; };
		52944F651B71E77200849A61 /* HotelDetailsDescription.swift in Sources */ = {isa = PBXBuildFile; fileRef = 52944F4E1B71E77200849A61 /* HotelDetailsDescription.swift */; };
		52944F661B71E77200849A61 /* HotelDetailsFacilities.swift in Sources */ = {isa = PBXBuildFile; fileRef = 52944F4F1B71E77200849A61 /* HotelDetailsFacilities.swift */; };
		52944F671B71E77200849A61 /* HotelDetailsHeader.swift in Sources */ = {isa = PBXBuildFile; fileRef = 52944F501B71E77200849A61 /* HotelDetailsHeader.swift */; };
		52944F681B71E77200849A61 /* HotelDetailsHeader.xib in Resources */ = {isa = PBXBuildFile; fileRef = 52944F511B71E77200849A61 /* HotelDetailsHeader.xib */; };
		52944F691B71E77200849A61 /* HotelDetailsImportantInformation.swift in Sources */ = {isa = PBXBuildFile; fileRef = 52944F521B71E77200849A61 /* HotelDetailsImportantInformation.swift */; };
		52944F6A1B71E77200849A61 /* HotelDetailsPetsPolicy.swift in Sources */ = {isa = PBXBuildFile; fileRef = 52944F531B71E77200849A61 /* HotelDetailsPetsPolicy.swift */; };
		52944F6B1B71E77200849A61 /* HotelDetailsReviews.swift in Sources */ = {isa = PBXBuildFile; fileRef = 52944F541B71E77200849A61 /* HotelDetailsReviews.swift */; };
		52944F6C1B71E77200849A61 /* HotelDetailsRoom.swift in Sources */ = {isa = PBXBuildFile; fileRef = 52944F551B71E77200849A61 /* HotelDetailsRoom.swift */; };
		52CD98781B78766200DDD7EE /* ErrorAlertView.swift in Sources */ = {isa = PBXBuildFile; fileRef = 52CD98771B78766200DDD7EE /* ErrorAlertView.swift */; };
		52CD987C1B78D3E400DDD7EE /* CalendarViewController.swift in Sources */ = {isa = PBXBuildFile; fileRef = 52CD987B1B78D3E400DDD7EE /* CalendarViewController.swift */; };
		52CD987E1B78D4E800DDD7EE /* ColorUtils.swift in Sources */ = {isa = PBXBuildFile; fileRef = 52CD987D1B78D4E800DDD7EE /* ColorUtils.swift */; };
		52FB315A1B778FB200F234B5 /* AccommodationRender.swift in Sources */ = {isa = PBXBuildFile; fileRef = 52FB31591B778FB200F234B5 /* AccommodationRender.swift */; };
		52FB315C1B7797B500F234B5 /* AccommodationUtils.swift in Sources */ = {isa = PBXBuildFile; fileRef = 52FB315B1B7797B500F234B5 /* AccommodationUtils.swift */; };
/* End PBXBuildFile section */

/* Begin PBXFileReference section */
		14FEA9A1AC8B12D0B1F49930 /* Pods-Hotels.debug.xcconfig */ = {isa = PBXFileReference; includeInIndex = 1; lastKnownFileType = text.xcconfig; name = "Pods-Hotels.debug.xcconfig"; path = "Pods/Target Support Files/Pods-Hotels/Pods-Hotels.debug.xcconfig"; sourceTree = "<group>"; };
		524D4E141B71F8B3007BA82E /* GooglePlacesApi.swift */ = {isa = PBXFileReference; fileEncoding = 4; lastKnownFileType = sourcecode.swift; path = GooglePlacesApi.swift; sourceTree = "<group>"; };
		524D4E161B71F8F4007BA82E /* GooglePlacesDelegate.swift */ = {isa = PBXFileReference; fileEncoding = 4; lastKnownFileType = sourcecode.swift; path = GooglePlacesDelegate.swift; sourceTree = "<group>"; };
		524D4E181B71FA9C007BA82E /* GoogleAutocompletePrediction.swift */ = {isa = PBXFileReference; fileEncoding = 4; lastKnownFileType = sourcecode.swift; path = GoogleAutocompletePrediction.swift; sourceTree = "<group>"; };
		524D4E1A1B71FAE4007BA82E /* GooglePlaceDetails.swift */ = {isa = PBXFileReference; fileEncoding = 4; lastKnownFileType = sourcecode.swift; path = GooglePlaceDetails.swift; sourceTree = "<group>"; };
		524D4E211B71FFE2007BA82E /* AutocompleteTableViewCell.swift */ = {isa = PBXFileReference; fileEncoding = 4; lastKnownFileType = sourcecode.swift; path = AutocompleteTableViewCell.swift; sourceTree = "<group>"; };
		524D4E221B71FFE2007BA82E /* MapLabel.xib */ = {isa = PBXFileReference; fileEncoding = 4; lastKnownFileType = file.xib; path = MapLabel.xib; sourceTree = "<group>"; };
		527724EF1B79325C0049271B /* Personal.swift */ = {isa = PBXFileReference; fileEncoding = 4; lastKnownFileType = sourcecode.swift; path = Personal.swift; sourceTree = "<group>"; };
		527724F11B79328B0049271B /* Payment.swift */ = {isa = PBXFileReference; fileEncoding = 4; lastKnownFileType = sourcecode.swift; path = Payment.swift; sourceTree = "<group>"; };
		527724F31B7936030049271B /* OrderResult.swift */ = {isa = PBXFileReference; fileEncoding = 4; lastKnownFileType = sourcecode.swift; path = OrderResult.swift; sourceTree = "<group>"; };
		527724F51B79BD1B0049271B /* ApiUtils.swift */ = {isa = PBXFileReference; fileEncoding = 4; lastKnownFileType = sourcecode.swift; path = ApiUtils.swift; sourceTree = "<group>"; };
		527724F71B7A12E20049271B /* PersonsPickerController.swift */ = {isa = PBXFileReference; fileEncoding = 4; lastKnownFileType = sourcecode.swift; path = PersonsPickerController.swift; sourceTree = "<group>"; };
		527724F91B7A13070049271B /* FiltersController.swift */ = {isa = PBXFileReference; fileEncoding = 4; lastKnownFileType = sourcecode.swift; path = FiltersController.swift; sourceTree = "<group>"; };
		527724FB1B7A13420049271B /* OrdersController.swift */ = {isa = PBXFileReference; fileEncoding = 4; lastKnownFileType = sourcecode.swift; path = OrdersController.swift; sourceTree = "<group>"; };
		528407031B792D4D001E4FE9 /* ConfirmationController.swift */ = {isa = PBXFileReference; fileEncoding = 4; lastKnownFileType = sourcecode.swift; path = ConfirmationController.swift; sourceTree = "<group>"; };
		528407051B792EDC001E4FE9 /* Order.swift */ = {isa = PBXFileReference; fileEncoding = 4; lastKnownFileType = sourcecode.swift; path = Order.swift; sourceTree = "<group>"; };
		529031B71B74DE0F006ED651 /* PriceRender.swift */ = {isa = PBXFileReference; fileEncoding = 4; lastKnownFileType = sourcecode.swift; path = PriceRender.swift; sourceTree = "<group>"; };
		529031B91B75E4F0006ED651 /* BookingScreenController.swift */ = {isa = PBXFileReference; fileEncoding = 4; lastKnownFileType = sourcecode.swift; path = BookingScreenController.swift; sourceTree = "<group>"; };
		529031BB1B75E976006ED651 /* HotelDetailsCell.swift */ = {isa = PBXFileReference; fileEncoding = 4; lastKnownFileType = sourcecode.swift; path = HotelDetailsCell.swift; sourceTree = "<group>"; };
		529031BC1B75E976006ED651 /* HotelDetailsCollectionView.swift */ = {isa = PBXFileReference; fileEncoding = 4; lastKnownFileType = sourcecode.swift; path = HotelDetailsCollectionView.swift; sourceTree = "<group>"; };
		529031C01B75E9C0006ED651 /* FormView.swift */ = {isa = PBXFileReference; fileEncoding = 4; lastKnownFileType = sourcecode.swift; path = FormView.swift; sourceTree = "<group>"; };
		529031C11B75E9C0006ED651 /* SummaryView.swift */ = {isa = PBXFileReference; fileEncoding = 4; lastKnownFileType = sourcecode.swift; path = SummaryView.swift; sourceTree = "<group>"; };
		529031C41B75ECBB006ED651 /* UILabel.swift */ = {isa = PBXFileReference; fileEncoding = 4; lastKnownFileType = sourcecode.swift; path = UILabel.swift; sourceTree = "<group>"; };
		52944EEC1B71E4E000849A61 /* Hotels.app */ = {isa = PBXFileReference; explicitFileType = wrapper.application; includeInIndex = 0; path = Hotels.app; sourceTree = BUILT_PRODUCTS_DIR; };
		52944EEF1B71E4E000849A61 /* AppDelegate.swift */ = {isa = PBXFileReference; lastKnownFileType = sourcecode.swift; path = AppDelegate.swift; sourceTree = "<group>"; };
		52944EF41B71E4E000849A61 /* Base */ = {isa = PBXFileReference; lastKnownFileType = file.storyboard; name = Base; path = Base.lproj/Main.storyboard; sourceTree = "<group>"; };
		52944EF71B71E4E000849A61 /* Hotels.xcdatamodel */ = {isa = PBXFileReference; lastKnownFileType = wrapper.xcdatamodel; path = Hotels.xcdatamodel; sourceTree = "<group>"; };
		52944EFC1B71E4E000849A61 /* Base */ = {isa = PBXFileReference; lastKnownFileType = file.storyboard; name = Base; path = Base.lproj/LaunchScreen.storyboard; sourceTree = "<group>"; };
		52944EFE1B71E4E000849A61 /* Info.plist */ = {isa = PBXFileReference; lastKnownFileType = text.plist.xml; path = Info.plist; sourceTree = "<group>"; };
		52944F061B71E64300849A61 /* AlamofireObjectExtension.swift */ = {isa = PBXFileReference; fileEncoding = 4; lastKnownFileType = sourcecode.swift; path = AlamofireObjectExtension.swift; sourceTree = "<group>"; };
		52944F081B71E64300849A61 /* AccType.swift */ = {isa = PBXFileReference; fileEncoding = 4; lastKnownFileType = sourcecode.swift; path = AccType.swift; sourceTree = "<group>"; };
		52944F091B71E64300849A61 /* Facility.swift */ = {isa = PBXFileReference; fileEncoding = 4; lastKnownFileType = sourcecode.swift; path = Facility.swift; sourceTree = "<group>"; };
		52944F0A1B71E64300849A61 /* Sort.swift */ = {isa = PBXFileReference; fileEncoding = 4; lastKnownFileType = sourcecode.swift; path = Sort.swift; sourceTree = "<group>"; };
		52944F0B1B71E64300849A61 /* Stars.swift */ = {isa = PBXFileReference; fileEncoding = 4; lastKnownFileType = sourcecode.swift; path = Stars.swift; sourceTree = "<group>"; };
		52944F0C1B71E64300849A61 /* EtbApi.h */ = {isa = PBXFileReference; fileEncoding = 4; lastKnownFileType = sourcecode.c.h; path = EtbApi.h; sourceTree = "<group>"; };
		52944F0D1B71E64300849A61 /* EtbApi.swift */ = {isa = PBXFileReference; fileEncoding = 4; lastKnownFileType = sourcecode.swift; path = EtbApi.swift; sourceTree = "<group>"; };
		52944F0E1B71E64300849A61 /* EtbApiConfig.swift */ = {isa = PBXFileReference; fileEncoding = 4; lastKnownFileType = sourcecode.swift; path = EtbApiConfig.swift; sourceTree = "<group>"; };
		52944F0F1B71E64300849A61 /* EtbApiDelegate.swift */ = {isa = PBXFileReference; fileEncoding = 4; lastKnownFileType = sourcecode.swift; path = EtbApiDelegate.swift; sourceTree = "<group>"; };
		52944F101B71E64300849A61 /* EtbApiUtils.swift */ = {isa = PBXFileReference; fileEncoding = 4; lastKnownFileType = sourcecode.swift; path = EtbApiUtils.swift; sourceTree = "<group>"; };
		52944F111B71E64300849A61 /* Info.plist */ = {isa = PBXFileReference; fileEncoding = 4; lastKnownFileType = text.plist.xml; path = Info.plist; sourceTree = "<group>"; };
		52944F131B71E64300849A61 /* Accommodation.swift */ = {isa = PBXFileReference; fileEncoding = 4; lastKnownFileType = sourcecode.swift; path = Accommodation.swift; sourceTree = "<group>"; };
		52944F141B71E64300849A61 /* AccommodationDetails.swift */ = {isa = PBXFileReference; fileEncoding = 4; lastKnownFileType = sourcecode.swift; path = AccommodationDetails.swift; sourceTree = "<group>"; };
		52944F151B71E64300849A61 /* AccommodationsResults.swift */ = {isa = PBXFileReference; fileEncoding = 4; lastKnownFileType = sourcecode.swift; path = AccommodationsResults.swift; sourceTree = "<group>"; };
		52944F161B71E64300849A61 /* AvailabilityRequest.swift */ = {isa = PBXFileReference; fileEncoding = 4; lastKnownFileType = sourcecode.swift; path = AvailabilityRequest.swift; sourceTree = "<group>"; };
		52944F171B71E64300849A61 /* Meta.swift */ = {isa = PBXFileReference; fileEncoding = 4; lastKnownFileType = sourcecode.swift; path = Meta.swift; sourceTree = "<group>"; };
		52944F181B71E64300849A61 /* Rate.swift */ = {isa = PBXFileReference; fileEncoding = 4; lastKnownFileType = sourcecode.swift; path = Rate.swift; sourceTree = "<group>"; };
		52944F191B71E64300849A61 /* SearchMeta.swift */ = {isa = PBXFileReference; fileEncoding = 4; lastKnownFileType = sourcecode.swift; path = SearchMeta.swift; sourceTree = "<group>"; };
		52944F1A1B71E64300849A61 /* SearchRequest.swift */ = {isa = PBXFileReference; fileEncoding = 4; lastKnownFileType = sourcecode.swift; path = SearchRequest.swift; sourceTree = "<group>"; };
		52944F1D1B71E64300849A61 /* ParallaxHeaderView.h */ = {isa = PBXFileReference; fileEncoding = 4; lastKnownFileType = sourcecode.c.h; path = ParallaxHeaderView.h; sourceTree = "<group>"; };
		52944F1E1B71E64300849A61 /* ParallaxHeaderView.m */ = {isa = PBXFileReference; fileEncoding = 4; lastKnownFileType = sourcecode.c.objc; path = ParallaxHeaderView.m; sourceTree = "<group>"; };
		52944F1F1B71E64300849A61 /* StoryCommentCell.h */ = {isa = PBXFileReference; fileEncoding = 4; lastKnownFileType = sourcecode.c.h; path = StoryCommentCell.h; sourceTree = "<group>"; };
		52944F201B71E64300849A61 /* StoryCommentCell.m */ = {isa = PBXFileReference; fileEncoding = 4; lastKnownFileType = sourcecode.c.objc; path = StoryCommentCell.m; sourceTree = "<group>"; };
		52944F211B71E64300849A61 /* StoryViewController.h */ = {isa = PBXFileReference; fileEncoding = 4; lastKnownFileType = sourcecode.c.h; path = StoryViewController.h; sourceTree = "<group>"; };
		52944F221B71E64300849A61 /* StoryViewController.m */ = {isa = PBXFileReference; fileEncoding = 4; lastKnownFileType = sourcecode.c.objc; path = StoryViewController.m; sourceTree = "<group>"; };
		52944F231B71E64300849A61 /* UIImage+ImageEffects.h */ = {isa = PBXFileReference; fileEncoding = 4; lastKnownFileType = sourcecode.c.h; path = "UIImage+ImageEffects.h"; sourceTree = "<group>"; };
		52944F241B71E64300849A61 /* UIImage+ImageEffects.m */ = {isa = PBXFileReference; fileEncoding = 4; lastKnownFileType = sourcecode.c.objc; path = "UIImage+ImageEffects.m"; sourceTree = "<group>"; };
		52944F3C1B71E77200849A61 /* AutocompleteViewController.swift */ = {isa = PBXFileReference; fileEncoding = 4; lastKnownFileType = sourcecode.swift; path = AutocompleteViewController.swift; sourceTree = "<group>"; };
		52944F3D1B71E77200849A61 /* HotelDetailsController.swift */ = {isa = PBXFileReference; fileEncoding = 4; lastKnownFileType = sourcecode.swift; path = HotelDetailsController.swift; sourceTree = "<group>"; };
		52944F3E1B71E77200849A61 /* MapViewController.swift */ = {isa = PBXFileReference; fileEncoding = 4; lastKnownFileType = sourcecode.swift; path = MapViewController.swift; sourceTree = "<group>"; };
		52944F401B71E77200849A61 /* UIView.swift */ = {isa = PBXFileReference; fileEncoding = 4; lastKnownFileType = sourcecode.swift; path = UIView.swift; sourceTree = "<group>"; };
		52944F431B71E77200849A61 /* hotel_placeholder.png */ = {isa = PBXFileReference; lastKnownFileType = image.png; path = hotel_placeholder.png; sourceTree = "<group>"; };
		52944F441B71E77200849A61 /* Images.xcassets */ = {isa = PBXFileReference; lastKnownFileType = folder.assetcatalog; path = Images.xcassets; sourceTree = "<group>"; };
		52944F461B71E77200849A61 /* AccomodationMKPointAnnotation.swift */ = {isa = PBXFileReference; fileEncoding = 4; lastKnownFileType = sourcecode.swift; path = AccomodationMKPointAnnotation.swift; sourceTree = "<group>"; };
		52944F481B71E77200849A61 /* ALabel.swift */ = {isa = PBXFileReference; fileEncoding = 4; lastKnownFileType = sourcecode.swift; path = ALabel.swift; sourceTree = "<group>"; };
		52944F4A1B71E77200849A61 /* FloatRatingView.swift */ = {isa = PBXFileReference; fileEncoding = 4; lastKnownFileType = sourcecode.swift; path = FloatRatingView.swift; sourceTree = "<group>"; };
		52944F4C1B71E77200849A61 /* HotelDetailsAddress.swift */ = {isa = PBXFileReference; fileEncoding = 4; lastKnownFileType = sourcecode.swift; path = HotelDetailsAddress.swift; sourceTree = "<group>"; };
		52944F4D1B71E77200849A61 /* HotelDetailsCheckInPolicy.swift */ = {isa = PBXFileReference; fileEncoding = 4; lastKnownFileType = sourcecode.swift; path = HotelDetailsCheckInPolicy.swift; sourceTree = "<group>"; };
		52944F4E1B71E77200849A61 /* HotelDetailsDescription.swift */ = {isa = PBXFileReference; fileEncoding = 4; lastKnownFileType = sourcecode.swift; path = HotelDetailsDescription.swift; sourceTree = "<group>"; };
		52944F4F1B71E77200849A61 /* HotelDetailsFacilities.swift */ = {isa = PBXFileReference; fileEncoding = 4; lastKnownFileType = sourcecode.swift; path = HotelDetailsFacilities.swift; sourceTree = "<group>"; };
		52944F501B71E77200849A61 /* HotelDetailsHeader.swift */ = {isa = PBXFileReference; fileEncoding = 4; lastKnownFileType = sourcecode.swift; path = HotelDetailsHeader.swift; sourceTree = "<group>"; };
		52944F511B71E77200849A61 /* HotelDetailsHeader.xib */ = {isa = PBXFileReference; fileEncoding = 4; lastKnownFileType = file.xib; path = HotelDetailsHeader.xib; sourceTree = "<group>"; };
		52944F521B71E77200849A61 /* HotelDetailsImportantInformation.swift */ = {isa = PBXFileReference; fileEncoding = 4; lastKnownFileType = sourcecode.swift; path = HotelDetailsImportantInformation.swift; sourceTree = "<group>"; };
		52944F531B71E77200849A61 /* HotelDetailsPetsPolicy.swift */ = {isa = PBXFileReference; fileEncoding = 4; lastKnownFileType = sourcecode.swift; path = HotelDetailsPetsPolicy.swift; sourceTree = "<group>"; };
		52944F541B71E77200849A61 /* HotelDetailsReviews.swift */ = {isa = PBXFileReference; fileEncoding = 4; lastKnownFileType = sourcecode.swift; path = HotelDetailsReviews.swift; sourceTree = "<group>"; };
		52944F551B71E77200849A61 /* HotelDetailsRoom.swift */ = {isa = PBXFileReference; fileEncoding = 4; lastKnownFileType = sourcecode.swift; path = HotelDetailsRoom.swift; sourceTree = "<group>"; };
		52944F701B71E7B200849A61 /* Hotels-Bridging-Header.h */ = {isa = PBXFileReference; fileEncoding = 4; lastKnownFileType = sourcecode.c.h; path = "Hotels-Bridging-Header.h"; sourceTree = "<group>"; };
		52CD98771B78766200DDD7EE /* ErrorAlertView.swift */ = {isa = PBXFileReference; fileEncoding = 4; lastKnownFileType = sourcecode.swift; path = ErrorAlertView.swift; sourceTree = "<group>"; };
		52CD987B1B78D3E400DDD7EE /* CalendarViewController.swift */ = {isa = PBXFileReference; fileEncoding = 4; lastKnownFileType = sourcecode.swift; path = CalendarViewController.swift; sourceTree = "<group>"; };
		52CD987D1B78D4E800DDD7EE /* ColorUtils.swift */ = {isa = PBXFileReference; fileEncoding = 4; lastKnownFileType = sourcecode.swift; path = ColorUtils.swift; sourceTree = "<group>"; };
		52FB31591B778FB200F234B5 /* AccommodationRender.swift */ = {isa = PBXFileReference; fileEncoding = 4; lastKnownFileType = sourcecode.swift; path = AccommodationRender.swift; sourceTree = "<group>"; };
		52FB315B1B7797B500F234B5 /* AccommodationUtils.swift */ = {isa = PBXFileReference; fileEncoding = 4; lastKnownFileType = sourcecode.swift; path = AccommodationUtils.swift; sourceTree = "<group>"; };
		8C8EC5713852931E685C7D11 /* Pods-Hotels.release.xcconfig */ = {isa = PBXFileReference; includeInIndex = 1; lastKnownFileType = text.xcconfig; name = "Pods-Hotels.release.xcconfig"; path = "Pods/Target Support Files/Pods-Hotels/Pods-Hotels.release.xcconfig"; sourceTree = "<group>"; };
		BD687423A1553F20C2885FCE /* Pods_Hotels.framework */ = {isa = PBXFileReference; explicitFileType = wrapper.framework; includeInIndex = 0; path = Pods_Hotels.framework; sourceTree = BUILT_PRODUCTS_DIR; };
/* End PBXFileReference section */

/* Begin PBXFrameworksBuildPhase section */
		52944EE91B71E4E000849A61 /* Frameworks */ = {
			isa = PBXFrameworksBuildPhase;
			buildActionMask = 2147483647;
			files = (
				304216CBA4DE842DDF713133 /* Pods_Hotels.framework in Frameworks */,
			);
			runOnlyForDeploymentPostprocessing = 0;
		};
/* End PBXFrameworksBuildPhase section */

/* Begin PBXGroup section */
		524D4E131B71F8B3007BA82E /* GooglePlaces */ = {
			isa = PBXGroup;
			children = (
				524D4E141B71F8B3007BA82E /* GooglePlacesApi.swift */,
				524D4E161B71F8F4007BA82E /* GooglePlacesDelegate.swift */,
				524D4E181B71FA9C007BA82E /* GoogleAutocompletePrediction.swift */,
				524D4E1A1B71FAE4007BA82E /* GooglePlaceDetails.swift */,
			);
			path = GooglePlaces;
			sourceTree = "<group>";
		};
		524D4E1E1B71FFB9007BA82E /* Map */ = {
			isa = PBXGroup;
			children = (
				529031BB1B75E976006ED651 /* HotelDetailsCell.swift */,
				529031BC1B75E976006ED651 /* HotelDetailsCollectionView.swift */,
				524D4E211B71FFE2007BA82E /* AutocompleteTableViewCell.swift */,
				524D4E221B71FFE2007BA82E /* MapLabel.xib */,
			);
			path = Map;
			sourceTree = "<group>";
		};
		529031BF1B75E9C0006ED651 /* BookingScreen */ = {
			isa = PBXGroup;
			children = (
				529031C01B75E9C0006ED651 /* FormView.swift */,
				529031C11B75E9C0006ED651 /* SummaryView.swift */,
			);
			path = BookingScreen;
			sourceTree = "<group>";
		};
		52944EE31B71E4E000849A61 = {
			isa = PBXGroup;
			children = (
				52944F701B71E7B200849A61 /* Hotels-Bridging-Header.h */,
				52944F041B71E64300849A61 /* EtbApi */,
				52944F1B1B71E64300849A61 /* Vendors */,
				52944EEE1B71E4E000849A61 /* Hotels */,
				52944EED1B71E4E000849A61 /* Products */,
				95866175D4F7D522C92F6156 /* Pods */,
				DBC2577C1DC119F16DE79C38 /* Frameworks */,
			);
			sourceTree = "<group>";
		};
		52944EED1B71E4E000849A61 /* Products */ = {
			isa = PBXGroup;
			children = (
				52944EEC1B71E4E000849A61 /* Hotels.app */,
			);
			name = Products;
			sourceTree = "<group>";
		};
		52944EEE1B71E4E000849A61 /* Hotels */ = {
			isa = PBXGroup;
			children = (
				524D4E131B71F8B3007BA82E /* GooglePlaces */,
				52944F3B1B71E77200849A61 /* Controller */,
				52944F3F1B71E77200849A61 /* Extension */,
				52944F411B71E77200849A61 /* Resources */,
				52944F451B71E77200849A61 /* Utils */,
				52944F471B71E77200849A61 /* View */,
				52944EEF1B71E4E000849A61 /* AppDelegate.swift */,
				52944EF31B71E4E000849A61 /* Main.storyboard */,
				52944EFB1B71E4E000849A61 /* LaunchScreen.storyboard */,
				52944EFE1B71E4E000849A61 /* Info.plist */,
				52944EF61B71E4E000849A61 /* Hotels.xcdatamodeld */,
			);
			path = Hotels;
			sourceTree = "<group>";
		};
		52944F041B71E64300849A61 /* EtbApi */ = {
			isa = PBXGroup;
			children = (
				52944F051B71E64300849A61 /* Alamofire */,
				52944F071B71E64300849A61 /* Contract */,
				52944F0C1B71E64300849A61 /* EtbApi.h */,
				52944F0D1B71E64300849A61 /* EtbApi.swift */,
				52944F0E1B71E64300849A61 /* EtbApiConfig.swift */,
				52944F0F1B71E64300849A61 /* EtbApiDelegate.swift */,
				52944F101B71E64300849A61 /* EtbApiUtils.swift */,
				52944F111B71E64300849A61 /* Info.plist */,
				52944F121B71E64300849A61 /* Model */,
			);
			path = EtbApi;
			sourceTree = "<group>";
		};
		52944F051B71E64300849A61 /* Alamofire */ = {
			isa = PBXGroup;
			children = (
				52944F061B71E64300849A61 /* AlamofireObjectExtension.swift */,
			);
			path = Alamofire;
			sourceTree = "<group>";
		};
		52944F071B71E64300849A61 /* Contract */ = {
			isa = PBXGroup;
			children = (
				52944F081B71E64300849A61 /* AccType.swift */,
				52944F091B71E64300849A61 /* Facility.swift */,
				52944F0A1B71E64300849A61 /* Sort.swift */,
				52944F0B1B71E64300849A61 /* Stars.swift */,
			);
			path = Contract;
			sourceTree = "<group>";
		};
		52944F121B71E64300849A61 /* Model */ = {
			isa = PBXGroup;
			children = (
				52944F131B71E64300849A61 /* Accommodation.swift */,
				52944F141B71E64300849A61 /* AccommodationDetails.swift */,
				52944F151B71E64300849A61 /* AccommodationsResults.swift */,
				52944F161B71E64300849A61 /* AvailabilityRequest.swift */,
				52944F171B71E64300849A61 /* Meta.swift */,
				52944F181B71E64300849A61 /* Rate.swift */,
				52944F191B71E64300849A61 /* SearchMeta.swift */,
				52944F1A1B71E64300849A61 /* SearchRequest.swift */,
				528407051B792EDC001E4FE9 /* Order.swift */,
				527724EF1B79325C0049271B /* Personal.swift */,
				527724F11B79328B0049271B /* Payment.swift */,
				527724F31B7936030049271B /* OrderResult.swift */,
			);
			path = Model;
			sourceTree = "<group>";
		};
		52944F1B1B71E64300849A61 /* Vendors */ = {
			isa = PBXGroup;
			children = (
				52944F1C1B71E64300849A61 /* ParallaxTableViewHeader */,
			);
			path = Vendors;
			sourceTree = "<group>";
		};
		52944F1C1B71E64300849A61 /* ParallaxTableViewHeader */ = {
			isa = PBXGroup;
			children = (
				52944F1D1B71E64300849A61 /* ParallaxHeaderView.h */,
				52944F1E1B71E64300849A61 /* ParallaxHeaderView.m */,
				52944F1F1B71E64300849A61 /* StoryCommentCell.h */,
				52944F201B71E64300849A61 /* StoryCommentCell.m */,
				52944F211B71E64300849A61 /* StoryViewController.h */,
				52944F221B71E64300849A61 /* StoryViewController.m */,
				52944F231B71E64300849A61 /* UIImage+ImageEffects.h */,
				52944F241B71E64300849A61 /* UIImage+ImageEffects.m */,
			);
			path = ParallaxTableViewHeader;
			sourceTree = "<group>";
		};
		52944F3B1B71E77200849A61 /* Controller */ = {
			isa = PBXGroup;
			children = (
				52944F3C1B71E77200849A61 /* AutocompleteViewController.swift */,
				52944F3D1B71E77200849A61 /* HotelDetailsController.swift */,
				52944F3E1B71E77200849A61 /* MapViewController.swift */,
				529031B91B75E4F0006ED651 /* BookingScreenController.swift */,
				52CD987B1B78D3E400DDD7EE /* CalendarViewController.swift */,
				528407031B792D4D001E4FE9 /* ConfirmationController.swift */,
				527724F71B7A12E20049271B /* PersonsPickerController.swift */,
				527724F91B7A13070049271B /* FiltersController.swift */,
				527724FB1B7A13420049271B /* OrdersController.swift */,
			);
			path = Controller;
			sourceTree = "<group>";
		};
		52944F3F1B71E77200849A61 /* Extension */ = {
			isa = PBXGroup;
			children = (
				52944F401B71E77200849A61 /* UIView.swift */,
				529031C41B75ECBB006ED651 /* UILabel.swift */,
			);
			path = Extension;
			sourceTree = "<group>";
		};
		52944F411B71E77200849A61 /* Resources */ = {
			isa = PBXGroup;
			children = (
				52944F421B71E77200849A61 /* Images */,
				52944F441B71E77200849A61 /* Images.xcassets */,
			);
			path = Resources;
			sourceTree = "<group>";
		};
		52944F421B71E77200849A61 /* Images */ = {
			isa = PBXGroup;
			children = (
				52944F431B71E77200849A61 /* hotel_placeholder.png */,
			);
			path = Images;
			sourceTree = "<group>";
		};
		52944F451B71E77200849A61 /* Utils */ = {
			isa = PBXGroup;
			children = (
				52944F461B71E77200849A61 /* AccomodationMKPointAnnotation.swift */,
				529031B71B74DE0F006ED651 /* PriceRender.swift */,
				52FB31591B778FB200F234B5 /* AccommodationRender.swift */,
				52FB315B1B7797B500F234B5 /* AccommodationUtils.swift */,
				52CD987D1B78D4E800DDD7EE /* ColorUtils.swift */,
				527724F51B79BD1B0049271B /* ApiUtils.swift */,
			);
			path = Utils;
			sourceTree = "<group>";
		};
		52944F471B71E77200849A61 /* View */ = {
			isa = PBXGroup;
			children = (
				529031BF1B75E9C0006ED651 /* BookingScreen */,
				524D4E1E1B71FFB9007BA82E /* Map */,
				52944F481B71E77200849A61 /* ALabel.swift */,
				52944F4A1B71E77200849A61 /* FloatRatingView.swift */,
				52944F4B1B71E77200849A61 /* HotelDetails */,
				52CD98771B78766200DDD7EE /* ErrorAlertView.swift */,
			);
			path = View;
			sourceTree = "<group>";
		};
		52944F4B1B71E77200849A61 /* HotelDetails */ = {
			isa = PBXGroup;
			children = (
				52944F4C1B71E77200849A61 /* HotelDetailsAddress.swift */,
				52944F4D1B71E77200849A61 /* HotelDetailsCheckInPolicy.swift */,
				52944F4E1B71E77200849A61 /* HotelDetailsDescription.swift */,
				52944F4F1B71E77200849A61 /* HotelDetailsFacilities.swift */,
				52944F501B71E77200849A61 /* HotelDetailsHeader.swift */,
				52944F511B71E77200849A61 /* HotelDetailsHeader.xib */,
				52944F521B71E77200849A61 /* HotelDetailsImportantInformation.swift */,
				52944F531B71E77200849A61 /* HotelDetailsPetsPolicy.swift */,
				52944F541B71E77200849A61 /* HotelDetailsReviews.swift */,
				52944F551B71E77200849A61 /* HotelDetailsRoom.swift */,
			);
			path = HotelDetails;
			sourceTree = "<group>";
		};
		95866175D4F7D522C92F6156 /* Pods */ = {
			isa = PBXGroup;
			children = (
				14FEA9A1AC8B12D0B1F49930 /* Pods-Hotels.debug.xcconfig */,
				8C8EC5713852931E685C7D11 /* Pods-Hotels.release.xcconfig */,
			);
			name = Pods;
			sourceTree = "<group>";
		};
		DBC2577C1DC119F16DE79C38 /* Frameworks */ = {
			isa = PBXGroup;
			children = (
				BD687423A1553F20C2885FCE /* Pods_Hotels.framework */,
			);
			name = Frameworks;
			sourceTree = "<group>";
		};
/* End PBXGroup section */

/* Begin PBXNativeTarget section */
		52944EEB1B71E4E000849A61 /* Hotels */ = {
			isa = PBXNativeTarget;
			buildConfigurationList = 52944F011B71E4E000849A61 /* Build configuration list for PBXNativeTarget "Hotels" */;
			buildPhases = (
				696F42CE6A2BFB713C446931 /* Check Pods Manifest.lock */,
				52944EE81B71E4E000849A61 /* Sources */,
				52944EE91B71E4E000849A61 /* Frameworks */,
				52944EEA1B71E4E000849A61 /* Resources */,
				A13261CFDB6F333FB5B9676C /* Embed Pods Frameworks */,
				D96E28D6D87DF095F48120ED /* Copy Pods Resources */,
			);
			buildRules = (
			);
			dependencies = (
			);
			name = Hotels;
			productName = Hotels;
			productReference = 52944EEC1B71E4E000849A61 /* Hotels.app */;
			productType = "com.apple.product-type.application";
		};
/* End PBXNativeTarget section */

/* Begin PBXProject section */
		52944EE41B71E4E000849A61 /* Project object */ = {
			isa = PBXProject;
			attributes = {
				LastUpgradeCheck = 0700;
				ORGANIZATIONNAME = "Alex Gavrishev";
				TargetAttributes = {
					52944EEB1B71E4E000849A61 = {
						CreatedOnToolsVersion = 7.0;
					};
				};
			};
			buildConfigurationList = 52944EE71B71E4E000849A61 /* Build configuration list for PBXProject "Hotels" */;
			compatibilityVersion = "Xcode 3.2";
			developmentRegion = English;
			hasScannedForEncodings = 0;
			knownRegions = (
				en,
				Base,
			);
			mainGroup = 52944EE31B71E4E000849A61;
			productRefGroup = 52944EED1B71E4E000849A61 /* Products */;
			projectDirPath = "";
			projectRoot = "";
			targets = (
				52944EEB1B71E4E000849A61 /* Hotels */,
			);
		};
/* End PBXProject section */

/* Begin PBXResourcesBuildPhase section */
		52944EEA1B71E4E000849A61 /* Resources */ = {
			isa = PBXResourcesBuildPhase;
			buildActionMask = 2147483647;
			files = (
				52944F2E1B71E64300849A61 /* Info.plist in Resources */,
				52944EFD1B71E4E000849A61 /* LaunchScreen.storyboard in Resources */,
				52944F681B71E77200849A61 /* HotelDetailsHeader.xib in Resources */,
				524D4E241B71FFE2007BA82E /* MapLabel.xib in Resources */,
				52944F5E1B71E77200849A61 /* Images.xcassets in Resources */,
				52944EF51B71E4E000849A61 /* Main.storyboard in Resources */,
				52944F5D1B71E77200849A61 /* hotel_placeholder.png in Resources */,
			);
			runOnlyForDeploymentPostprocessing = 0;
		};
/* End PBXResourcesBuildPhase section */

/* Begin PBXShellScriptBuildPhase section */
		696F42CE6A2BFB713C446931 /* Check Pods Manifest.lock */ = {
			isa = PBXShellScriptBuildPhase;
			buildActionMask = 2147483647;
			files = (
			);
			inputPaths = (
			);
			name = "Check Pods Manifest.lock";
			outputPaths = (
			);
			runOnlyForDeploymentPostprocessing = 0;
			shellPath = /bin/sh;
			shellScript = "diff \"${PODS_ROOT}/../Podfile.lock\" \"${PODS_ROOT}/Manifest.lock\" > /dev/null\nif [[ $? != 0 ]] ; then\n    cat << EOM\nerror: The sandbox is not in sync with the Podfile.lock. Run 'pod install' or update your CocoaPods installation.\nEOM\n    exit 1\nfi\n";
			showEnvVarsInLog = 0;
		};
		A13261CFDB6F333FB5B9676C /* Embed Pods Frameworks */ = {
			isa = PBXShellScriptBuildPhase;
			buildActionMask = 2147483647;
			files = (
			);
			inputPaths = (
			);
			name = "Embed Pods Frameworks";
			outputPaths = (
			);
			runOnlyForDeploymentPostprocessing = 0;
			shellPath = /bin/sh;
			shellScript = "\"${SRCROOT}/Pods/Target Support Files/Pods-Hotels/Pods-Hotels-frameworks.sh\"\n";
			showEnvVarsInLog = 0;
		};
		D96E28D6D87DF095F48120ED /* Copy Pods Resources */ = {
			isa = PBXShellScriptBuildPhase;
			buildActionMask = 2147483647;
			files = (
			);
			inputPaths = (
			);
			name = "Copy Pods Resources";
			outputPaths = (
			);
			runOnlyForDeploymentPostprocessing = 0;
			shellPath = /bin/sh;
			shellScript = "\"${SRCROOT}/Pods/Target Support Files/Pods-Hotels/Pods-Hotels-resources.sh\"\n";
			showEnvVarsInLog = 0;
		};
/* End PBXShellScriptBuildPhase section */

/* Begin PBXSourcesBuildPhase section */
		52944EE81B71E4E000849A61 /* Sources */ = {
			isa = PBXSourcesBuildPhase;
			buildActionMask = 2147483647;
			files = (
				524D4E191B71FA9C007BA82E /* GoogleAutocompletePrediction.swift in Sources */,
				52944F391B71E64300849A61 /* StoryViewController.m in Sources */,
				52944F651B71E77200849A61 /* HotelDetailsDescription.swift in Sources */,
				52944F2C1B71E64300849A61 /* EtbApiDelegate.swift in Sources */,
				52944F301B71E64300849A61 /* AccommodationDetails.swift in Sources */,
				52944F271B71E64300849A61 /* Facility.swift in Sources */,
				52944F351B71E64300849A61 /* SearchMeta.swift in Sources */,
				524D4E1B1B71FAE4007BA82E /* GooglePlaceDetails.swift in Sources */,
				529031BE1B75E976006ED651 /* HotelDetailsCollectionView.swift in Sources */,
				524D4E151B71F8B3007BA82E /* GooglePlacesApi.swift in Sources */,
				52944F621B71E77200849A61 /* FloatRatingView.swift in Sources */,
				52944F2F1B71E64300849A61 /* Accommodation.swift in Sources */,
				529031B81B74DE0F006ED651 /* PriceRender.swift in Sources */,
				52944F631B71E77200849A61 /* HotelDetailsAddress.swift in Sources */,
				52944F2B1B71E64300849A61 /* EtbApiConfig.swift in Sources */,
				52944F601B71E77200849A61 /* ALabel.swift in Sources */,
				52944F3A1B71E64300849A61 /* UIImage+ImageEffects.m in Sources */,
				527724F81B7A12E20049271B /* PersonsPickerController.swift in Sources */,
				524D4E171B71F8F4007BA82E /* GooglePlacesDelegate.swift in Sources */,
				528407041B792D4D001E4FE9 /* ConfirmationController.swift in Sources */,
				528407061B792EDC001E4FE9 /* Order.swift in Sources */,
				52944F251B71E64300849A61 /* AlamofireObjectExtension.swift in Sources */,
				52944F291B71E64300849A61 /* Stars.swift in Sources */,
				52944F321B71E64300849A61 /* AvailabilityRequest.swift in Sources */,
				529031BA1B75E4F0006ED651 /* BookingScreenController.swift in Sources */,
				52944F331B71E64300849A61 /* Meta.swift in Sources */,
				52944F6A1B71E77200849A61 /* HotelDetailsPetsPolicy.swift in Sources */,
				52944F2D1B71E64300849A61 /* EtbApiUtils.swift in Sources */,
				52944F591B71E77200849A61 /* AutocompleteViewController.swift in Sources */,
				52944EF81B71E4E000849A61 /* Hotels.xcdatamodeld in Sources */,
				52944F641B71E77200849A61 /* HotelDetailsCheckInPolicy.swift in Sources */,
				52944F691B71E77200849A61 /* HotelDetailsImportantInformation.swift in Sources */,
				52944F671B71E77200849A61 /* HotelDetailsHeader.swift in Sources */,
				52944F361B71E64300849A61 /* SearchRequest.swift in Sources */,
				527724F01B79325C0049271B /* Personal.swift in Sources */,
				52944F281B71E64300849A61 /* Sort.swift in Sources */,
				52944F2A1B71E64300849A61 /* EtbApi.swift in Sources */,
				52FB315C1B7797B500F234B5 /* AccommodationUtils.swift in Sources */,
				52944F5F1B71E77200849A61 /* AccomodationMKPointAnnotation.swift in Sources */,
				52FB315A1B778FB200F234B5 /* AccommodationRender.swift in Sources */,
				529031C51B75ECBB006ED651 /* UILabel.swift in Sources */,
				529031BD1B75E976006ED651 /* HotelDetailsCell.swift in Sources */,
				527724F21B79328B0049271B /* Payment.swift in Sources */,
				52CD98781B78766200DDD7EE /* ErrorAlertView.swift in Sources */,
				52CD987E1B78D4E800DDD7EE /* ColorUtils.swift in Sources */,
				52944F5A1B71E77200849A61 /* HotelDetailsController.swift in Sources */,
				52CD987C1B78D3E400DDD7EE /* CalendarViewController.swift in Sources */,
				527724FA1B7A13070049271B /* FiltersController.swift in Sources */,
				52944F311B71E64300849A61 /* AccommodationsResults.swift in Sources */,
				527724F61B79BD1B0049271B /* ApiUtils.swift in Sources */,
				529031C21B75E9C0006ED651 /* FormView.swift in Sources */,
				52944F341B71E64300849A61 /* Rate.swift in Sources */,
				52944F5B1B71E77200849A61 /* MapViewController.swift in Sources */,
				52944F371B71E64300849A61 /* ParallaxHeaderView.m in Sources */,
				52944F5C1B71E77200849A61 /* UIView.swift in Sources */,
				527724FC1B7A13420049271B /* OrdersController.swift in Sources */,
				52944F6C1B71E77200849A61 /* HotelDetailsRoom.swift in Sources */,
				52944F6B1B71E77200849A61 /* HotelDetailsReviews.swift in Sources */,
				52944EF01B71E4E000849A61 /* AppDelegate.swift in Sources */,
				52944F261B71E64300849A61 /* AccType.swift in Sources */,
				52944F661B71E77200849A61 /* HotelDetailsFacilities.swift in Sources */,
				529031C31B75E9C0006ED651 /* SummaryView.swift in Sources */,
				527724F41B7936030049271B /* OrderResult.swift in Sources */,
				52944F381B71E64300849A61 /* StoryCommentCell.m in Sources */,
				524D4E231B71FFE2007BA82E /* AutocompleteTableViewCell.swift in Sources */,
			);
			runOnlyForDeploymentPostprocessing = 0;
		};
/* End PBXSourcesBuildPhase section */

/* Begin PBXVariantGroup section */
		52944EF31B71E4E000849A61 /* Main.storyboard */ = {
			isa = PBXVariantGroup;
			children = (
				52944EF41B71E4E000849A61 /* Base */,
			);
			name = Main.storyboard;
			sourceTree = "<group>";
		};
		52944EFB1B71E4E000849A61 /* LaunchScreen.storyboard */ = {
			isa = PBXVariantGroup;
			children = (
				52944EFC1B71E4E000849A61 /* Base */,
			);
			name = LaunchScreen.storyboard;
			sourceTree = "<group>";
		};
/* End PBXVariantGroup section */

/* Begin XCBuildConfiguration section */
		52944EFF1B71E4E000849A61 /* Debug */ = {
			isa = XCBuildConfiguration;
			buildSettings = {
				ALWAYS_SEARCH_USER_PATHS = NO;
				CLANG_CXX_LANGUAGE_STANDARD = "gnu++0x";
				CLANG_CXX_LIBRARY = "libc++";
				CLANG_ENABLE_MODULES = YES;
				CLANG_ENABLE_OBJC_ARC = YES;
				CLANG_WARN_BOOL_CONVERSION = YES;
				CLANG_WARN_CONSTANT_CONVERSION = YES;
				CLANG_WARN_DIRECT_OBJC_ISA_USAGE = YES_ERROR;
				CLANG_WARN_EMPTY_BODY = YES;
				CLANG_WARN_ENUM_CONVERSION = YES;
				CLANG_WARN_INT_CONVERSION = YES;
				CLANG_WARN_OBJC_ROOT_CLASS = YES_ERROR;
				CLANG_WARN_UNREACHABLE_CODE = YES;
				CLANG_WARN__DUPLICATE_METHOD_MATCH = YES;
				"CODE_SIGN_IDENTITY[sdk=iphoneos*]" = "iPhone Developer";
				COPY_PHASE_STRIP = NO;
				DEBUG_INFORMATION_FORMAT = dwarf;
				ENABLE_STRICT_OBJC_MSGSEND = YES;
				ENABLE_TESTABILITY = YES;
				GCC_C_LANGUAGE_STANDARD = gnu99;
				GCC_DYNAMIC_NO_PIC = NO;
				GCC_NO_COMMON_BLOCKS = YES;
				GCC_OPTIMIZATION_LEVEL = 0;
				GCC_PREPROCESSOR_DEFINITIONS = (
					"DEBUG=1",
					"$(inherited)",
				);
				GCC_WARN_64_TO_32_BIT_CONVERSION = YES;
				GCC_WARN_ABOUT_RETURN_TYPE = YES_ERROR;
				GCC_WARN_UNDECLARED_SELECTOR = YES;
				GCC_WARN_UNINITIALIZED_AUTOS = YES_AGGRESSIVE;
				GCC_WARN_UNUSED_FUNCTION = YES;
				GCC_WARN_UNUSED_VARIABLE = YES;
				IPHONEOS_DEPLOYMENT_TARGET = 9.0;
				MTL_ENABLE_DEBUG_INFO = YES;
				ONLY_ACTIVE_ARCH = YES;
				SDKROOT = iphoneos;
				SWIFT_OPTIMIZATION_LEVEL = "-Onone";
				TARGETED_DEVICE_FAMILY = 2;
			};
			name = Debug;
		};
		52944F001B71E4E000849A61 /* Release */ = {
			isa = XCBuildConfiguration;
			buildSettings = {
				ALWAYS_SEARCH_USER_PATHS = NO;
				CLANG_CXX_LANGUAGE_STANDARD = "gnu++0x";
				CLANG_CXX_LIBRARY = "libc++";
				CLANG_ENABLE_MODULES = YES;
				CLANG_ENABLE_OBJC_ARC = YES;
				CLANG_WARN_BOOL_CONVERSION = YES;
				CLANG_WARN_CONSTANT_CONVERSION = YES;
				CLANG_WARN_DIRECT_OBJC_ISA_USAGE = YES_ERROR;
				CLANG_WARN_EMPTY_BODY = YES;
				CLANG_WARN_ENUM_CONVERSION = YES;
				CLANG_WARN_INT_CONVERSION = YES;
				CLANG_WARN_OBJC_ROOT_CLASS = YES_ERROR;
				CLANG_WARN_UNREACHABLE_CODE = YES;
				CLANG_WARN__DUPLICATE_METHOD_MATCH = YES;
				"CODE_SIGN_IDENTITY[sdk=iphoneos*]" = "iPhone Developer";
				COPY_PHASE_STRIP = NO;
				DEBUG_INFORMATION_FORMAT = "dwarf-with-dsym";
				ENABLE_NS_ASSERTIONS = NO;
				ENABLE_STRICT_OBJC_MSGSEND = YES;
				GCC_C_LANGUAGE_STANDARD = gnu99;
				GCC_NO_COMMON_BLOCKS = YES;
				GCC_WARN_64_TO_32_BIT_CONVERSION = YES;
				GCC_WARN_ABOUT_RETURN_TYPE = YES_ERROR;
				GCC_WARN_UNDECLARED_SELECTOR = YES;
				GCC_WARN_UNINITIALIZED_AUTOS = YES_AGGRESSIVE;
				GCC_WARN_UNUSED_FUNCTION = YES;
				GCC_WARN_UNUSED_VARIABLE = YES;
				IPHONEOS_DEPLOYMENT_TARGET = 9.0;
				MTL_ENABLE_DEBUG_INFO = NO;
				SDKROOT = iphoneos;
				TARGETED_DEVICE_FAMILY = 2;
				VALIDATE_PRODUCT = YES;
			};
			name = Release;
		};
		52944F021B71E4E000849A61 /* Debug */ = {
			isa = XCBuildConfiguration;
			baseConfigurationReference = 14FEA9A1AC8B12D0B1F49930 /* Pods-Hotels.debug.xcconfig */;
			buildSettings = {
				ASSETCATALOG_COMPILER_APPICON_NAME = AppIcon;
				ENABLE_BITCODE = NO;
				INFOPLIST_FILE = Hotels/Info.plist;
				LD_RUNPATH_SEARCH_PATHS = "$(inherited) @executable_path/Frameworks";
				PRODUCT_BUNDLE_IDENTIFIER = info.anodsplace.Hotels;
				PRODUCT_NAME = "$(TARGET_NAME)";
				SWIFT_OBJC_BRIDGING_HEADER = "Hotels-Bridging-Header.h";
			};
			name = Debug;
		};
		52944F031B71E4E000849A61 /* Release */ = {
			isa = XCBuildConfiguration;
			baseConfigurationReference = 8C8EC5713852931E685C7D11 /* Pods-Hotels.release.xcconfig */;
			buildSettings = {
				ASSETCATALOG_COMPILER_APPICON_NAME = AppIcon;
				ENABLE_BITCODE = NO;
				INFOPLIST_FILE = Hotels/Info.plist;
				LD_RUNPATH_SEARCH_PATHS = "$(inherited) @executable_path/Frameworks";
				PRODUCT_BUNDLE_IDENTIFIER = info.anodsplace.Hotels;
				PRODUCT_NAME = "$(TARGET_NAME)";
				SWIFT_OBJC_BRIDGING_HEADER = "Hotels-Bridging-Header.h";
			};
			name = Release;
		};
/* End XCBuildConfiguration section */

/* Begin XCConfigurationList section */
		52944EE71B71E4E000849A61 /* Build configuration list for PBXProject "Hotels" */ = {
			isa = XCConfigurationList;
			buildConfigurations = (
				52944EFF1B71E4E000849A61 /* Debug */,
				52944F001B71E4E000849A61 /* Release */,
			);
			defaultConfigurationIsVisible = 0;
			defaultConfigurationName = Release;
		};
		52944F011B71E4E000849A61 /* Build configuration list for PBXNativeTarget "Hotels" */ = {
			isa = XCConfigurationList;
			buildConfigurations = (
				52944F021B71E4E000849A61 /* Debug */,
				52944F031B71E4E000849A61 /* Release */,
			);
			defaultConfigurationIsVisible = 0;
			defaultConfigurationName = Release;
		};
/* End XCConfigurationList section */

/* Begin XCVersionGroup section */
		52944EF61B71E4E000849A61 /* Hotels.xcdatamodeld */ = {
			isa = XCVersionGroup;
			children = (
				52944EF71B71E4E000849A61 /* Hotels.xcdatamodel */,
			);
			currentVersion = 52944EF71B71E4E000849A61 /* Hotels.xcdatamodel */;
			path = Hotels.xcdatamodeld;
			sourceTree = "<group>";
			versionGroupType = wrapper.xcdatamodel;
		};
/* End XCVersionGroup section */
	};
	rootObject = 52944EE41B71E4E000849A61 /* Project object */;
}
